// !$*UTF8*$!
{
	archiveVersion = 1;
	classes = {
	};
	objectVersion = 56;
	objects = {

/* Begin PBXBuildFile section */
		0C88C2102C31C7DC0061EEEC /* QuizLadderApp.swift in Sources */ = {isa = PBXBuildFile; fileRef = 0C88C20F2C31C7DC0061EEEC /* QuizLadderApp.swift */; };
		0C88C2122C31C7DC0061EEEC /* QuizQuestionView.swift in Sources */ = {isa = PBXBuildFile; fileRef = 0C88C2112C31C7DC0061EEEC /* QuizQuestionView.swift */; };
		0C88C2142C31C7DE0061EEEC /* Assets.xcassets in Resources */ = {isa = PBXBuildFile; fileRef = 0C88C2132C31C7DE0061EEEC /* Assets.xcassets */; };
		0C88C2172C31C7DE0061EEEC /* Preview Assets.xcassets in Resources */ = {isa = PBXBuildFile; fileRef = 0C88C2162C31C7DE0061EEEC /* Preview Assets.xcassets */; };
		0C88C21F2C31D2BD0061EEEC /* MainMenuView.swift in Sources */ = {isa = PBXBuildFile; fileRef = 0C88C21E2C31D2BD0061EEEC /* MainMenuView.swift */; };
		0C88C2212C31D7E20061EEEC /* GameView.swift in Sources */ = {isa = PBXBuildFile; fileRef = 0C88C2202C31D7E20061EEEC /* GameView.swift */; };
		0C88C2242C31DBC20061EEEC /* QuestionData.swift in Sources */ = {isa = PBXBuildFile; fileRef = 0C88C2232C31DBC20061EEEC /* QuestionData.swift */; };
		0C88C2272C31F0DD0061EEEC /* QuizViewModel.swift in Sources */ = {isa = PBXBuildFile; fileRef = 0C88C2262C31F0DD0061EEEC /* QuizViewModel.swift */; };
		0C88C2292C33A94E0061EEEC /* QuestionModel.swift in Sources */ = {isa = PBXBuildFile; fileRef = 0C88C2282C33A94E0061EEEC /* QuestionModel.swift */; };
		0C88C22D2C33AE650061EEEC /* GameDeckModel.swift in Sources */ = {isa = PBXBuildFile; fileRef = 0C88C22C2C33AE650061EEEC /* GameDeckModel.swift */; };
/* End PBXBuildFile section */

/* Begin PBXFileReference section */
		0C88C20C2C31C7DC0061EEEC /* QuizLadder.app */ = {isa = PBXFileReference; explicitFileType = wrapper.application; includeInIndex = 0; path = QuizLadder.app; sourceTree = BUILT_PRODUCTS_DIR; };
		0C88C20F2C31C7DC0061EEEC /* QuizLadderApp.swift */ = {isa = PBXFileReference; lastKnownFileType = sourcecode.swift; path = QuizLadderApp.swift; sourceTree = "<group>"; };
		0C88C2112C31C7DC0061EEEC /* QuizQuestionView.swift */ = {isa = PBXFileReference; lastKnownFileType = sourcecode.swift; path = QuizQuestionView.swift; sourceTree = "<group>"; };
		0C88C2132C31C7DE0061EEEC /* Assets.xcassets */ = {isa = PBXFileReference; lastKnownFileType = folder.assetcatalog; path = Assets.xcassets; sourceTree = "<group>"; };
		0C88C2162C31C7DE0061EEEC /* Preview Assets.xcassets */ = {isa = PBXFileReference; lastKnownFileType = folder.assetcatalog; path = "Preview Assets.xcassets"; sourceTree = "<group>"; };
		0C88C21E2C31D2BD0061EEEC /* MainMenuView.swift */ = {isa = PBXFileReference; lastKnownFileType = sourcecode.swift; path = MainMenuView.swift; sourceTree = "<group>"; };
		0C88C2202C31D7E20061EEEC /* GameView.swift */ = {isa = PBXFileReference; lastKnownFileType = sourcecode.swift; path = GameView.swift; sourceTree = "<group>"; };
		0C88C2232C31DBC20061EEEC /* QuestionData.swift */ = {isa = PBXFileReference; lastKnownFileType = sourcecode.swift; path = QuestionData.swift; sourceTree = "<group>"; };
		0C88C2262C31F0DD0061EEEC /* QuizViewModel.swift */ = {isa = PBXFileReference; lastKnownFileType = sourcecode.swift; path = QuizViewModel.swift; sourceTree = "<group>"; };
		0C88C2282C33A94E0061EEEC /* QuestionModel.swift */ = {isa = PBXFileReference; lastKnownFileType = sourcecode.swift; path = QuestionModel.swift; sourceTree = "<group>"; };
		0C88C22C2C33AE650061EEEC /* GameDeckModel.swift */ = {isa = PBXFileReference; lastKnownFileType = sourcecode.swift; path = GameDeckModel.swift; sourceTree = "<group>"; };
/* End PBXFileReference section */

/* Begin PBXFrameworksBuildPhase section */
		0C88C2092C31C7DC0061EEEC /* Frameworks */ = {
			isa = PBXFrameworksBuildPhase;
			buildActionMask = 2147483647;
			files = (
			);
			runOnlyForDeploymentPostprocessing = 0;
		};
/* End PBXFrameworksBuildPhase section */

/* Begin PBXGroup section */
		0C88C2032C31C7DC0061EEEC = {
			isa = PBXGroup;
			children = (
				0C88C20E2C31C7DC0061EEEC /* QuizLadder */,
				0C88C20D2C31C7DC0061EEEC /* Products */,
			);
			sourceTree = "<group>";
		};
		0C88C20D2C31C7DC0061EEEC /* Products */ = {
			isa = PBXGroup;
			children = (
				0C88C20C2C31C7DC0061EEEC /* QuizLadder.app */,
			);
			name = Products;
			sourceTree = "<group>";
		};
		0C88C20E2C31C7DC0061EEEC /* QuizLadder */ = {
			isa = PBXGroup;
			children = (
				0C88C20F2C31C7DC0061EEEC /* QuizLadderApp.swift */,
				0C88C2262C31F0DD0061EEEC /* QuizViewModel.swift */,
				0C88C2252C31DBC80061EEEC /* Models */,
				0C88C21D2C31C8460061EEEC /* Views */,
				0C88C2132C31C7DE0061EEEC /* Assets.xcassets */,
				0C88C2152C31C7DE0061EEEC /* Preview Content */,
			);
			path = QuizLadder;
			sourceTree = "<group>";
		};
		0C88C2152C31C7DE0061EEEC /* Preview Content */ = {
			isa = PBXGroup;
			children = (
				0C88C2162C31C7DE0061EEEC /* Preview Assets.xcassets */,
			);
			path = "Preview Content";
			sourceTree = "<group>";
		};
		0C88C21D2C31C8460061EEEC /* Views */ = {
			isa = PBXGroup;
			children = (
				0C88C2112C31C7DC0061EEEC /* QuizQuestionView.swift */,
				0C88C21E2C31D2BD0061EEEC /* MainMenuView.swift */,
				0C88C2202C31D7E20061EEEC /* GameView.swift */,
			);
			path = Views;
			sourceTree = "<group>";
		};
		0C88C2252C31DBC80061EEEC /* Models */ = {
			isa = PBXGroup;
			children = (
				0C88C2232C31DBC20061EEEC /* QuestionData.swift */,
				0C88C2282C33A94E0061EEEC /* QuestionModel.swift */,
				0C88C22C2C33AE650061EEEC /* GameDeckModel.swift */,
			);
			path = Models;
			sourceTree = "<group>";
		};
/* End PBXGroup section */

/* Begin PBXNativeTarget section */
		0C88C20B2C31C7DC0061EEEC /* QuizLadder */ = {
			isa = PBXNativeTarget;
			buildConfigurationList = 0C88C21A2C31C7DE0061EEEC /* Build configuration list for PBXNativeTarget "QuizLadder" */;
			buildPhases = (
				0C88C2082C31C7DC0061EEEC /* Sources */,
				0C88C2092C31C7DC0061EEEC /* Frameworks */,
				0C88C20A2C31C7DC0061EEEC /* Resources */,
			);
			buildRules = (
			);
			dependencies = (
			);
			name = QuizLadder;
			productName = QuizLadder;
			productReference = 0C88C20C2C31C7DC0061EEEC /* QuizLadder.app */;
			productType = "com.apple.product-type.application";
		};
/* End PBXNativeTarget section */

/* Begin PBXProject section */
		0C88C2042C31C7DC0061EEEC /* Project object */ = {
			isa = PBXProject;
			attributes = {
				BuildIndependentTargetsInParallel = 1;
				LastSwiftUpdateCheck = 1540;
				LastUpgradeCheck = 1540;
				TargetAttributes = {
					0C88C20B2C31C7DC0061EEEC = {
						CreatedOnToolsVersion = 15.4;
					};
				};
			};
			buildConfigurationList = 0C88C2072C31C7DC0061EEEC /* Build configuration list for PBXProject "QuizLadder" */;
			compatibilityVersion = "Xcode 14.0";
			developmentRegion = en;
			hasScannedForEncodings = 0;
			knownRegions = (
				en,
				Base,
			);
			mainGroup = 0C88C2032C31C7DC0061EEEC;
			productRefGroup = 0C88C20D2C31C7DC0061EEEC /* Products */;
			projectDirPath = "";
			projectRoot = "";
			targets = (
				0C88C20B2C31C7DC0061EEEC /* QuizLadder */,
			);
		};
/* End PBXProject section */

/* Begin PBXResourcesBuildPhase section */
		0C88C20A2C31C7DC0061EEEC /* Resources */ = {
			isa = PBXResourcesBuildPhase;
			buildActionMask = 2147483647;
			files = (
				0C88C2172C31C7DE0061EEEC /* Preview Assets.xcassets in Resources */,
				0C88C2142C31C7DE0061EEEC /* Assets.xcassets in Resources */,
			);
			runOnlyForDeploymentPostprocessing = 0;
		};
/* End PBXResourcesBuildPhase section */

/* Begin PBXSourcesBuildPhase section */
		0C88C2082C31C7DC0061EEEC /* Sources */ = {
			isa = PBXSourcesBuildPhase;
			buildActionMask = 2147483647;
			files = (
				0C88C22D2C33AE650061EEEC /* GameDeckModel.swift in Sources */,
				0C88C2292C33A94E0061EEEC /* QuestionModel.swift in Sources */,
				0C88C2122C31C7DC0061EEEC /* QuizQuestionView.swift in Sources */,
				0C88C21F2C31D2BD0061EEEC /* MainMenuView.swift in Sources */,
				0C88C2212C31D7E20061EEEC /* GameView.swift in Sources */,
				0C88C2272C31F0DD0061EEEC /* QuizViewModel.swift in Sources */,
				0C88C2102C31C7DC0061EEEC /* QuizLadderApp.swift in Sources */,
				0C88C2242C31DBC20061EEEC /* QuestionData.swift in Sources */,
			);
			runOnlyForDeploymentPostprocessing = 0;
		};
/* End PBXSourcesBuildPhase section */

/* Begin XCBuildConfiguration section */
		0C88C2182C31C7DE0061EEEC /* Debug */ = {
			isa = XCBuildConfiguration;
			buildSettings = {
				ALWAYS_SEARCH_USER_PATHS = NO;
				ASSETCATALOG_COMPILER_GENERATE_SWIFT_ASSET_SYMBOL_EXTENSIONS = YES;
				CLANG_ANALYZER_NONNULL = YES;
				CLANG_ANALYZER_NUMBER_OBJECT_CONVERSION = YES_AGGRESSIVE;
				CLANG_CXX_LANGUAGE_STANDARD = "gnu++20";
				CLANG_ENABLE_MODULES = YES;
				CLANG_ENABLE_OBJC_ARC = YES;
				CLANG_ENABLE_OBJC_WEAK = YES;
				CLANG_WARN_BLOCK_CAPTURE_AUTORELEASING = YES;
				CLANG_WARN_BOOL_CONVERSION = YES;
				CLANG_WARN_COMMA = YES;
				CLANG_WARN_CONSTANT_CONVERSION = YES;
				CLANG_WARN_DEPRECATED_OBJC_IMPLEMENTATIONS = YES;
				CLANG_WARN_DIRECT_OBJC_ISA_USAGE = YES_ERROR;
				CLANG_WARN_DOCUMENTATION_COMMENTS = YES;
				CLANG_WARN_EMPTY_BODY = YES;
				CLANG_WARN_ENUM_CONVERSION = YES;
				CLANG_WARN_INFINITE_RECURSION = YES;
				CLANG_WARN_INT_CONVERSION = YES;
				CLANG_WARN_NON_LITERAL_NULL_CONVERSION = YES;
				CLANG_WARN_OBJC_IMPLICIT_RETAIN_SELF = YES;
				CLANG_WARN_OBJC_LITERAL_CONVERSION = YES;
				CLANG_WARN_OBJC_ROOT_CLASS = YES_ERROR;
				CLANG_WARN_QUOTED_INCLUDE_IN_FRAMEWORK_HEADER = YES;
				CLANG_WARN_RANGE_LOOP_ANALYSIS = YES;
				CLANG_WARN_STRICT_PROTOTYPES = YES;
				CLANG_WARN_SUSPICIOUS_MOVE = YES;
				CLANG_WARN_UNGUARDED_AVAILABILITY = YES_AGGRESSIVE;
				CLANG_WARN_UNREACHABLE_CODE = YES;
				CLANG_WARN__DUPLICATE_METHOD_MATCH = YES;
				COPY_PHASE_STRIP = NO;
				DEBUG_INFORMATION_FORMAT = dwarf;
				ENABLE_STRICT_OBJC_MSGSEND = YES;
				ENABLE_TESTABILITY = YES;
				ENABLE_USER_SCRIPT_SANDBOXING = YES;
				GCC_C_LANGUAGE_STANDARD = gnu17;
				GCC_DYNAMIC_NO_PIC = NO;
				GCC_NO_COMMON_BLOCKS = YES;
				GCC_OPTIMIZATION_LEVEL = 0;
				GCC_PREPROCESSOR_DEFINITIONS = (
					"DEBUG=1",
					"$(inherited)",
				);
				GCC_WARN_64_TO_32_BIT_CONVERSION = YES;
				GCC_WARN_ABOUT_RETURN_TYPE = YES_ERROR;
				GCC_WARN_UNDECLARED_SELECTOR = YES;
				GCC_WARN_UNINITIALIZED_AUTOS = YES_AGGRESSIVE;
				GCC_WARN_UNUSED_FUNCTION = YES;
				GCC_WARN_UNUSED_VARIABLE = YES;
				IPHONEOS_DEPLOYMENT_TARGET = 17.5;
				LOCALIZATION_PREFERS_STRING_CATALOGS = YES;
				MTL_ENABLE_DEBUG_INFO = INCLUDE_SOURCE;
				MTL_FAST_MATH = YES;
				ONLY_ACTIVE_ARCH = YES;
				SDKROOT = iphoneos;
				SWIFT_ACTIVE_COMPILATION_CONDITIONS = "DEBUG $(inherited)";
				SWIFT_OPTIMIZATION_LEVEL = "-Onone";
			};
			name = Debug;
		};
		0C88C2192C31C7DE0061EEEC /* Release */ = {
			isa = XCBuildConfiguration;
			buildSettings = {
				ALWAYS_SEARCH_USER_PATHS = NO;
				ASSETCATALOG_COMPILER_GENERATE_SWIFT_ASSET_SYMBOL_EXTENSIONS = YES;
				CLANG_ANALYZER_NONNULL = YES;
				CLANG_ANALYZER_NUMBER_OBJECT_CONVERSION = YES_AGGRESSIVE;
				CLANG_CXX_LANGUAGE_STANDARD = "gnu++20";
				CLANG_ENABLE_MODULES = YES;
				CLANG_ENABLE_OBJC_ARC = YES;
				CLANG_ENABLE_OBJC_WEAK = YES;
				CLANG_WARN_BLOCK_CAPTURE_AUTORELEASING = YES;
				CLANG_WARN_BOOL_CONVERSION = YES;
				CLANG_WARN_COMMA = YES;
				CLANG_WARN_CONSTANT_CONVERSION = YES;
				CLANG_WARN_DEPRECATED_OBJC_IMPLEMENTATIONS = YES;
				CLANG_WARN_DIRECT_OBJC_ISA_USAGE = YES_ERROR;
				CLANG_WARN_DOCUMENTATION_COMMENTS = YES;
				CLANG_WARN_EMPTY_BODY = YES;
				CLANG_WARN_ENUM_CONVERSION = YES;
				CLANG_WARN_INFINITE_RECURSION = YES;
				CLANG_WARN_INT_CONVERSION = YES;
				CLANG_WARN_NON_LITERAL_NULL_CONVERSION = YES;
				CLANG_WARN_OBJC_IMPLICIT_RETAIN_SELF = YES;
				CLANG_WARN_OBJC_LITERAL_CONVERSION = YES;
				CLANG_WARN_OBJC_ROOT_CLASS = YES_ERROR;
				CLANG_WARN_QUOTED_INCLUDE_IN_FRAMEWORK_HEADER = YES;
				CLANG_WARN_RANGE_LOOP_ANALYSIS = YES;
				CLANG_WARN_STRICT_PROTOTYPES = YES;
				CLANG_WARN_SUSPICIOUS_MOVE = YES;
				CLANG_WARN_UNGUARDED_AVAILABILITY = YES_AGGRESSIVE;
				CLANG_WARN_UNREACHABLE_CODE = YES;
				CLANG_WARN__DUPLICATE_METHOD_MATCH = YES;
				COPY_PHASE_STRIP = NO;
				DEBUG_INFORMATION_FORMAT = "dwarf-with-dsym";
				ENABLE_NS_ASSERTIONS = NO;
				ENABLE_STRICT_OBJC_MSGSEND = YES;
				ENABLE_USER_SCRIPT_SANDBOXING = YES;
				GCC_C_LANGUAGE_STANDARD = gnu17;
				GCC_NO_COMMON_BLOCKS = YES;
				GCC_WARN_64_TO_32_BIT_CONVERSION = YES;
				GCC_WARN_ABOUT_RETURN_TYPE = YES_ERROR;
				GCC_WARN_UNDECLARED_SELECTOR = YES;
				GCC_WARN_UNINITIALIZED_AUTOS = YES_AGGRESSIVE;
				GCC_WARN_UNUSED_FUNCTION = YES;
				GCC_WARN_UNUSED_VARIABLE = YES;
				IPHONEOS_DEPLOYMENT_TARGET = 17.5;
				LOCALIZATION_PREFERS_STRING_CATALOGS = YES;
				MTL_ENABLE_DEBUG_INFO = NO;
				MTL_FAST_MATH = YES;
				SDKROOT = iphoneos;
				SWIFT_COMPILATION_MODE = wholemodule;
				VALIDATE_PRODUCT = YES;
			};
			name = Release;
		};
		0C88C21B2C31C7DE0061EEEC /* Debug */ = {
			isa = XCBuildConfiguration;
			buildSettings = {
				ASSETCATALOG_COMPILER_APPICON_NAME = AppIcon;
				ASSETCATALOG_COMPILER_GLOBAL_ACCENT_COLOR_NAME = AccentColor;
				CODE_SIGN_STYLE = Automatic;
				CURRENT_PROJECT_VERSION = 1;
				DEVELOPMENT_ASSET_PATHS = "\"QuizLadder/Preview Content\"";
				DEVELOPMENT_TEAM = 4AV2V4QZ5Q;
				ENABLE_PREVIEWS = YES;
				GENERATE_INFOPLIST_FILE = YES;
				INFOPLIST_KEY_UIApplicationSceneManifest_Generation = YES;
				INFOPLIST_KEY_UIApplicationSupportsIndirectInputEvents = YES;
				INFOPLIST_KEY_UILaunchScreen_Generation = YES;
				INFOPLIST_KEY_UISupportedInterfaceOrientations_iPad = "UIInterfaceOrientationPortrait UIInterfaceOrientationPortraitUpsideDown UIInterfaceOrientationLandscapeLeft UIInterfaceOrientationLandscapeRight";
				INFOPLIST_KEY_UISupportedInterfaceOrientations_iPhone = "UIInterfaceOrientationPortrait UIInterfaceOrientationLandscapeLeft UIInterfaceOrientationLandscapeRight";
				LD_RUNPATH_SEARCH_PATHS = (
					"$(inherited)",
					"@executable_path/Frameworks",
				);
				MARKETING_VERSION = 1.0;
				PRODUCT_BUNDLE_IDENTIFIER = jgray.lol.QuizLadder;
				PRODUCT_NAME = "$(TARGET_NAME)";
				SWIFT_EMIT_LOC_STRINGS = YES;
				SWIFT_VERSION = 5.0;
				TARGETED_DEVICE_FAMILY = "1,2";
			};
			name = Debug;
		};
		0C88C21C2C31C7DE0061EEEC /* Release */ = {
			isa = XCBuildConfiguration;
			buildSettings = {
				ASSETCATALOG_COMPILER_APPICON_NAME = AppIcon;
				ASSETCATALOG_COMPILER_GLOBAL_ACCENT_COLOR_NAME = AccentColor;
				CODE_SIGN_STYLE = Automatic;
				CURRENT_PROJECT_VERSION = 1;
				DEVELOPMENT_ASSET_PATHS = "\"QuizLadder/Preview Content\"";
				DEVELOPMENT_TEAM = 4AV2V4QZ5Q;
				ENABLE_PREVIEWS = YES;
				GENERATE_INFOPLIST_FILE = YES;
				INFOPLIST_KEY_UIApplicationSceneManifest_Generation = YES;
				INFOPLIST_KEY_UIApplicationSupportsIndirectInputEvents = YES;
				INFOPLIST_KEY_UILaunchScreen_Generation = YES;
				INFOPLIST_KEY_UISupportedInterfaceOrientations_iPad = "UIInterfaceOrientationPortrait UIInterfaceOrientationPortraitUpsideDown UIInterfaceOrientationLandscapeLeft UIInterfaceOrientationLandscapeRight";
				INFOPLIST_KEY_UISupportedInterfaceOrientations_iPhone = "UIInterfaceOrientationPortrait UIInterfaceOrientationLandscapeLeft UIInterfaceOrientationLandscapeRight";
				LD_RUNPATH_SEARCH_PATHS = (
					"$(inherited)",
					"@executable_path/Frameworks",
				);
				MARKETING_VERSION = 1.0;
				PRODUCT_BUNDLE_IDENTIFIER = jgray.lol.QuizLadder;
				PRODUCT_NAME = "$(TARGET_NAME)";
				SWIFT_EMIT_LOC_STRINGS = YES;
				SWIFT_VERSION = 5.0;
				TARGETED_DEVICE_FAMILY = "1,2";
			};
			name = Release;
		};
/* End XCBuildConfiguration section */

/* Begin XCConfigurationList section */
		0C88C2072C31C7DC0061EEEC /* Build configuration list for PBXProject "QuizLadder" */ = {
			isa = XCConfigurationList;
			buildConfigurations = (
				0C88C2182C31C7DE0061EEEC /* Debug */,
				0C88C2192C31C7DE0061EEEC /* Release */,
			);
			defaultConfigurationIsVisible = 0;
			defaultConfigurationName = Release;
		};
		0C88C21A2C31C7DE0061EEEC /* Build configuration list for PBXNativeTarget "QuizLadder" */ = {
			isa = XCConfigurationList;
			buildConfigurations = (
				0C88C21B2C31C7DE0061EEEC /* Debug */,
				0C88C21C2C31C7DE0061EEEC /* Release */,
			);
			defaultConfigurationIsVisible = 0;
			defaultConfigurationName = Release;
		};
/* End XCConfigurationList section */
	};
	rootObject = 0C88C2042C31C7DC0061EEEC /* Project object */;
}
